
Microsoft Visual Studio Solution File, Format Version 12.00
# Visual Studio 15
VisualStudioVersion = 15.0.28307.329
MinimumVisualStudioVersion = 10.0.40219.1
Project("{FAE04EC0-301F-11D3-BF4B-00C04F79EFBC}") = "RestWithAspNetUdemy", "RestWithAspNetUdemy\RestWithAspNetUdemy.csproj", "{E80464E3-736D-4AFB-8A2E-7DB9F0160FBC}"
EndProject
Global
	GlobalSection(SolutionConfigurationPlatforms) = preSolution
		Debug|Any CPU = Debug|Any CPU
		Release|Any CPU = Release|Any CPU
	EndGlobalSection
	GlobalSection(ProjectConfigurationPlatforms) = postSolution
		{E80464E3-736D-4AFB-8A2E-7DB9F0160FBC}.Debug|Any CPU.ActiveCfg = Debug|Any CPU
		{E80464E3-736D-4AFB-8A2E-7DB9F0160FBC}.Debug|Any CPU.Build.0 = Debug|Any CPU
		{E80464E3-736D-4AFB-8A2E-7DB9F0160FBC}.Release|Any CPU.ActiveCfg = Release|Any CPU
		{E80464E3-736D-4AFB-8A2E-7DB9F0160FBC}.Release|Any CPU.Build.0 = Release|Any CPU
	EndGlobalSection
	GlobalSection(SolutionProperties) = preSolution
		HideSolutionNode = FALSE
	EndGlobalSection
	GlobalSection(ExtensibilityGlobals) = postSolution
		SolutionGuid = {BD6C34BC-CFC0-446E-BA36-16F396CBCA9C}
	EndGlobalSection
EndGlobal
